
Microsoft Visual Studio Solution File, Format Version 12.00
# Visual Studio 14
VisualStudioVersion = 14.0.25420.1
MinimumVisualStudioVersion = 10.0.40219.1
Project("{FAE04EC0-301F-11D3-BF4B-00C04F79EFBC}") = "Test", "Test\Test.csproj", "{921C8F62-B955-4A0B-8DC7-E6D4365D931A}"
EndProject
Project("{FAE04EC0-301F-11D3-BF4B-00C04F79EFBC}") = "WinFormsSoketServer", "WinFormsSoketServer\WinFormsSoketServer.csproj", "{0974939C-A5E4-44C2-A214-84CD9007DB06}"
EndProject
Project("{FAE04EC0-301F-11D3-BF4B-00C04F79EFBC}") = "WinFormsSocketClient", "WinFormsSocketClient\WinFormsSocketClient.csproj", "{BE34B898-8096-4B28-84AF-580BB9CBBED1}"
EndProject
Project("{FAE04EC0-301F-11D3-BF4B-00C04F79EFBC}") = "FormsServer", "FormsServer\FormsServer.csproj", "{472C3793-8959-4144-9D65-361874976ACF}"
EndProject
Project("{FAE04EC0-301F-11D3-BF4B-00C04F79EFBC}") = "FormsClient", "FormsClient\FormsClient.csproj", "{4B78C065-8D0F-40B9-86A8-BFBF9BEE8AE1}"
EndProject
Project("{FAE04EC0-301F-11D3-BF4B-00C04F79EFBC}") = "ConsoleThread", "ConsoleThread\ConsoleThread.csproj", "{710487BA-058C-4F09-8DAE-1BC64EE63634}"
EndProject
Project("{FAE04EC0-301F-11D3-BF4B-00C04F79EFBC}") = "FormsCTF", "FormsCTF\FormsCTF.csproj", "{3AF821DC-FE29-4BD2-87CB-EB441FA9A224}"
EndProject
Project("{FAE04EC0-301F-11D3-BF4B-00C04F79EFBC}") = "GyLib", "GyLib\GyLib.csproj", "{C8C80B4B-5038-4CD2-83D9-FE2C75F3CBDE}"
EndProject
Project("{2150E333-8FDC-42A3-9474-1A3956D46DE8}") = "FormLinuxTool", "FormLinuxTool", "{1508E9F0-F729-482B-B19F-35A124DBB5EC}"
EndProject
Project("{FAE04EC0-301F-11D3-BF4B-00C04F79EFBC}") = "FormLinuxTool", "FormLinuxTool\FormLinuxTool.csproj", "{C609510A-3947-4421-A86E-702A0486EB5C}"
EndProject
Project("{2150E333-8FDC-42A3-9474-1A3956D46DE8}") = "WebIIS", "WebIIS", "{EC52C564-8CA4-403B-B4C8-495A70DE70C1}"
EndProject
Project("{FAE04EC0-301F-11D3-BF4B-00C04F79EFBC}") = "ConsoleIIS", "ConsoleIIS\ConsoleIIS.csproj", "{C6833AE4-C926-4A06-956F-72BCEECC69F4}"
EndProject
Project("{2150E333-8FDC-42A3-9474-1A3956D46DE8}") = "DB", "DB", "{353A49E8-31B3-40D1-850B-74678415799B}"
EndProject
Project("{FAE04EC0-301F-11D3-BF4B-00C04F79EFBC}") = "WinDBTool", "WinDBTool\WinDBTool.csproj", "{A0945A68-89D8-4E35-84FE-F5FA136EEFF8}"
EndProject
Project("{FAE04EC0-301F-11D3-BF4B-00C04F79EFBC}") = "WinMySqlTool", "WinMySqlTool\WinMySqlTool.csproj", "{B5495F4C-6A08-4A79-9FF3-9F365C325CA5}"
EndProject
Global
	GlobalSection(SolutionConfigurationPlatforms) = preSolution
		Debug|Any CPU = Debug|Any CPU
		Release|Any CPU = Release|Any CPU
	EndGlobalSection
	GlobalSection(ProjectConfigurationPlatforms) = postSolution
		{921C8F62-B955-4A0B-8DC7-E6D4365D931A}.Debug|Any CPU.ActiveCfg = Debug|Any CPU
		{921C8F62-B955-4A0B-8DC7-E6D4365D931A}.Debug|Any CPU.Build.0 = Debug|Any CPU
		{921C8F62-B955-4A0B-8DC7-E6D4365D931A}.Release|Any CPU.ActiveCfg = Release|Any CPU
		{921C8F62-B955-4A0B-8DC7-E6D4365D931A}.Release|Any CPU.Build.0 = Release|Any CPU
		{0974939C-A5E4-44C2-A214-84CD9007DB06}.Debug|Any CPU.ActiveCfg = Debug|Any CPU
		{0974939C-A5E4-44C2-A214-84CD9007DB06}.Debug|Any CPU.Build.0 = Debug|Any CPU
		{0974939C-A5E4-44C2-A214-84CD9007DB06}.Release|Any CPU.ActiveCfg = Release|Any CPU
		{0974939C-A5E4-44C2-A214-84CD9007DB06}.Release|Any CPU.Build.0 = Release|Any CPU
		{BE34B898-8096-4B28-84AF-580BB9CBBED1}.Debug|Any CPU.ActiveCfg = Debug|Any CPU
		{BE34B898-8096-4B28-84AF-580BB9CBBED1}.Debug|Any CPU.Build.0 = Debug|Any CPU
		{BE34B898-8096-4B28-84AF-580BB9CBBED1}.Release|Any CPU.ActiveCfg = Release|Any CPU
		{BE34B898-8096-4B28-84AF-580BB9CBBED1}.Release|Any CPU.Build.0 = Release|Any CPU
		{472C3793-8959-4144-9D65-361874976ACF}.Debug|Any CPU.ActiveCfg = Debug|Any CPU
		{472C3793-8959-4144-9D65-361874976ACF}.Debug|Any CPU.Build.0 = Debug|Any CPU
		{472C3793-8959-4144-9D65-361874976ACF}.Release|Any CPU.ActiveCfg = Release|Any CPU
		{472C3793-8959-4144-9D65-361874976ACF}.Release|Any CPU.Build.0 = Release|Any CPU
		{4B78C065-8D0F-40B9-86A8-BFBF9BEE8AE1}.Debug|Any CPU.ActiveCfg = Debug|Any CPU
		{4B78C065-8D0F-40B9-86A8-BFBF9BEE8AE1}.Debug|Any CPU.Build.0 = Debug|Any CPU
		{4B78C065-8D0F-40B9-86A8-BFBF9BEE8AE1}.Release|Any CPU.ActiveCfg = Release|Any CPU
		{4B78C065-8D0F-40B9-86A8-BFBF9BEE8AE1}.Release|Any CPU.Build.0 = Release|Any CPU
		{710487BA-058C-4F09-8DAE-1BC64EE63634}.Debug|Any CPU.ActiveCfg = Debug|Any CPU
		{710487BA-058C-4F09-8DAE-1BC64EE63634}.Debug|Any CPU.Build.0 = Debug|Any CPU
		{710487BA-058C-4F09-8DAE-1BC64EE63634}.Release|Any CPU.ActiveCfg = Release|Any CPU
		{710487BA-058C-4F09-8DAE-1BC64EE63634}.Release|Any CPU.Build.0 = Release|Any CPU
		{3AF821DC-FE29-4BD2-87CB-EB441FA9A224}.Debug|Any CPU.ActiveCfg = Debug|Any CPU
		{3AF821DC-FE29-4BD2-87CB-EB441FA9A224}.Debug|Any CPU.Build.0 = Debug|Any CPU
		{3AF821DC-FE29-4BD2-87CB-EB441FA9A224}.Release|Any CPU.ActiveCfg = Release|Any CPU
		{3AF821DC-FE29-4BD2-87CB-EB441FA9A224}.Release|Any CPU.Build.0 = Release|Any CPU
		{C8C80B4B-5038-4CD2-83D9-FE2C75F3CBDE}.Debug|Any CPU.ActiveCfg = Debug|Any CPU
		{C8C80B4B-5038-4CD2-83D9-FE2C75F3CBDE}.Debug|Any CPU.Build.0 = Debug|Any CPU
		{C8C80B4B-5038-4CD2-83D9-FE2C75F3CBDE}.Release|Any CPU.ActiveCfg = Release|Any CPU
		{C8C80B4B-5038-4CD2-83D9-FE2C75F3CBDE}.Release|Any CPU.Build.0 = Release|Any CPU
		{C609510A-3947-4421-A86E-702A0486EB5C}.Debug|Any CPU.ActiveCfg = Debug|Any CPU
		{C609510A-3947-4421-A86E-702A0486EB5C}.Debug|Any CPU.Build.0 = Debug|Any CPU
		{C609510A-3947-4421-A86E-702A0486EB5C}.Release|Any CPU.ActiveCfg = Release|Any CPU
		{C609510A-3947-4421-A86E-702A0486EB5C}.Release|Any CPU.Build.0 = Release|Any CPU
		{C6833AE4-C926-4A06-956F-72BCEECC69F4}.Debug|Any CPU.ActiveCfg = Debug|Any CPU
		{C6833AE4-C926-4A06-956F-72BCEECC69F4}.Debug|Any CPU.Build.0 = Debug|Any CPU
		{C6833AE4-C926-4A06-956F-72BCEECC69F4}.Release|Any CPU.ActiveCfg = Release|Any CPU
		{C6833AE4-C926-4A06-956F-72BCEECC69F4}.Release|Any CPU.Build.0 = Release|Any CPU
		{A0945A68-89D8-4E35-84FE-F5FA136EEFF8}.Debug|Any CPU.ActiveCfg = Debug|Any CPU
		{A0945A68-89D8-4E35-84FE-F5FA136EEFF8}.Debug|Any CPU.Build.0 = Debug|Any CPU
		{A0945A68-89D8-4E35-84FE-F5FA136EEFF8}.Release|Any CPU.ActiveCfg = Release|Any CPU
		{A0945A68-89D8-4E35-84FE-F5FA136EEFF8}.Release|Any CPU.Build.0 = Release|Any CPU
		{B5495F4C-6A08-4A79-9FF3-9F365C325CA5}.Debug|Any CPU.ActiveCfg = Debug|Any CPU
		{B5495F4C-6A08-4A79-9FF3-9F365C325CA5}.Debug|Any CPU.Build.0 = Debug|Any CPU
		{B5495F4C-6A08-4A79-9FF3-9F365C325CA5}.Release|Any CPU.ActiveCfg = Release|Any CPU
		{B5495F4C-6A08-4A79-9FF3-9F365C325CA5}.Release|Any CPU.Build.0 = Release|Any CPU
	EndGlobalSection
	GlobalSection(SolutionProperties) = preSolution
		HideSolutionNode = FALSE
	EndGlobalSection
	GlobalSection(NestedProjects) = preSolution
		{C609510A-3947-4421-A86E-702A0486EB5C} = {1508E9F0-F729-482B-B19F-35A124DBB5EC}
		{C6833AE4-C926-4A06-956F-72BCEECC69F4} = {EC52C564-8CA4-403B-B4C8-495A70DE70C1}
		{A0945A68-89D8-4E35-84FE-F5FA136EEFF8} = {353A49E8-31B3-40D1-850B-74678415799B}
		{B5495F4C-6A08-4A79-9FF3-9F365C325CA5} = {353A49E8-31B3-40D1-850B-74678415799B}
	EndGlobalSection
EndGlobal
